{
  "version": 4,
  "terraform_version": "1.13.4",
  "serial": 33,
  "lineage": "73580805-2eca-ac59-d87e-51f6120284f7",
  "outputs": {
    "ses_dkim_tokens": {
      "value": [
        "vfgz6uiflxnqo67llvakqhn5p453gmvg",
        "gm2n5m4n7kziukn7gacwqelwodirprof",
        "ht7havuqch62efstjmtk35njfwe6zsnj"
      ],
      "type": [
        "list",
        "string"
      ]
    },
    "ses_domain_identity_arn": {
      "value": "arn:aws:ses:us-east-1:078263428883:identity/crmbonus.com",
      "type": "string"
    },
    "ses_verification_token": {
      "value": "16cgjZJqBctqYsu6DVbIo1PeazAEI5sSuLACWjaNXiU=",
      "type": "string"
    }
  },
  "resources": [
    {
      "mode": "managed",
      "type": "aws_iam_policy",
      "name": "ses_send_email_virginia",
      "provider": "provider[\"registry.terraform.io/hashicorp/aws\"]",
      "instances": [
        {
          "schema_version": 0,
          "attributes": {
            "arn": "arn:aws:iam::078263428883:policy/AmazonSesSendEmailVirginia",
            "attachment_count": 1,
            "description": "Permite envio de e-mails via SES na região us-east-1 (Virginia).",
            "id": "arn:aws:iam::078263428883:policy/AmazonSesSendEmailVirginia",
            "name": "AmazonSesSendEmailVirginia",
            "name_prefix": "",
            "path": "/",
            "policy": "{\"Statement\":[{\"Action\":[\"ses:SendEmail\",\"ses:SendRawEmail\"],\"Condition\":{\"StringEquals\":{\"aws:RequestedRegion\":\"us-east-1\"}},\"Effect\":\"Allow\",\"Resource\":\"*\",\"Sid\":\"AllowSesSendEmail\"}],\"Version\":\"2012-10-17\"}",
            "policy_id": "ANPAREOG5E4JSSZNSJIDD",
            "tags": {},
            "tags_all": {
              "ManagedBy": "terraform",
              "Owner": "devops",
              "application": "crmbonus",
              "environment": "develop",
              "project": "crmbonus"
            }
          },
          "sensitive_attributes": [],
          "identity_schema_version": 0,
          "identity": {
            "arn": "arn:aws:iam::078263428883:policy/AmazonSesSendEmailVirginia"
          },
          "private": "bnVsbA=="
        }
      ]
    },
    {
      "mode": "managed",
      "type": "aws_iam_user_policy_attachment",
      "name": "attach_ses_send_policy",
      "provider": "provider[\"registry.terraform.io/hashicorp/aws\"]",
      "instances": [
        {
          "schema_version": 0,
          "attributes": {
            "id": "ses-smtp-user.20250918-162658-20251028191108674900000001",
            "policy_arn": "arn:aws:iam::078263428883:policy/AmazonSesSendEmailVirginia",
            "user": "ses-smtp-user.20250918-162658"
          },
          "sensitive_attributes": [],
          "identity_schema_version": 0,
          "private": "bnVsbA==",
          "dependencies": [
            "aws_iam_policy.ses_send_email_virginia"
          ]
        }
      ]
    },
    {
      "mode": "managed",
      "type": "aws_route53_record",
      "name": "ses_dkim_record_1",
      "provider": "provider[\"registry.terraform.io/hashicorp/aws\"]",
      "instances": [
        {
          "schema_version": 2,
          "attributes": {
            "alias": [],
            "allow_overwrite": null,
            "cidr_routing_policy": [],
            "failover_routing_policy": [],
            "fqdn": "vfgz6uiflxnqo67llvakqhn5p453gmvg._domainkey.crmbonus.com",
            "geolocation_routing_policy": [],
            "geoproximity_routing_policy": [],
            "health_check_id": "",
            "id": "Z38URESGZT00QQ_vfgz6uiflxnqo67llvakqhn5p453gmvg._domainkey.crmbonus.com_CNAME",
            "latency_routing_policy": [],
            "multivalue_answer_routing_policy": false,
            "name": "vfgz6uiflxnqo67llvakqhn5p453gmvg._domainkey.crmbonus.com",
            "records": [
              "vfgz6uiflxnqo67llvakqhn5p453gmvg.dkim.amazonses.com"
            ],
            "set_identifier": "",
            "timeouts": null,
            "ttl": 300,
            "type": "CNAME",
            "weighted_routing_policy": [],
            "zone_id": "Z38URESGZT00QQ"
          },
          "sensitive_attributes": [],
          "identity_schema_version": 0,
          "identity": {
            "account_id": "078263428883",
            "name": "vfgz6uiflxnqo67llvakqhn5p453gmvg._domainkey.crmbonus.com",
            "set_identifier": null,
            "type": "CNAME",
            "zone_id": "Z38URESGZT00QQ"
          },
          "private": "eyJlMmJmYjczMC1lY2FhLTExZTYtOGY4OC0zNDM2M2JjN2M0YzAiOnsiY3JlYXRlIjoxODAwMDAwMDAwMDAwLCJkZWxldGUiOjE4MDAwMDAwMDAwMDAsInVwZGF0ZSI6MTgwMDAwMDAwMDAwMH0sInNjaGVtYV92ZXJzaW9uIjoiMiJ9",
          "dependencies": [
            "aws_ses_domain_dkim.domain_dkim"
          ]
        }
      ]
    },
    {
      "mode": "managed",
      "type": "aws_route53_record",
      "name": "ses_dkim_record_2",
      "provider": "provider[\"registry.terraform.io/hashicorp/aws\"]",
      "instances": [
        {
          "schema_version": 2,
          "attributes": {
            "alias": [],
            "allow_overwrite": null,
            "cidr_routing_policy": [],
            "failover_routing_policy": [],
            "fqdn": "gm2n5m4n7kziukn7gacwqelwodirprof._domainkey.crmbonus.com",
            "geolocation_routing_policy": [],
            "geoproximity_routing_policy": [],
            "health_check_id": "",
            "id": "Z38URESGZT00QQ_gm2n5m4n7kziukn7gacwqelwodirprof._domainkey.crmbonus.com_CNAME",
            "latency_routing_policy": [],
            "multivalue_answer_routing_policy": false,
            "name": "gm2n5m4n7kziukn7gacwqelwodirprof._domainkey.crmbonus.com",
            "records": [
              "gm2n5m4n7kziukn7gacwqelwodirprof.dkim.amazonses.com"
            ],
            "set_identifier": "",
            "timeouts": null,
            "ttl": 300,
            "type": "CNAME",
            "weighted_routing_policy": [],
            "zone_id": "Z38URESGZT00QQ"
          },
          "sensitive_attributes": [],
          "identity_schema_version": 0,
          "identity": {
            "account_id": "078263428883",
            "name": "gm2n5m4n7kziukn7gacwqelwodirprof._domainkey.crmbonus.com",
            "set_identifier": null,
            "type": "CNAME",
            "zone_id": "Z38URESGZT00QQ"
          },
          "private": "eyJlMmJmYjczMC1lY2FhLTExZTYtOGY4OC0zNDM2M2JjN2M0YzAiOnsiY3JlYXRlIjoxODAwMDAwMDAwMDAwLCJkZWxldGUiOjE4MDAwMDAwMDAwMDAsInVwZGF0ZSI6MTgwMDAwMDAwMDAwMH0sInNjaGVtYV92ZXJzaW9uIjoiMiJ9",
          "dependencies": [
            "aws_ses_domain_dkim.domain_dkim"
          ]
        }
      ]
    },
    {
      "mode": "managed",
      "type": "aws_route53_record",
      "name": "ses_dkim_record_3",
      "provider": "provider[\"registry.terraform.io/hashicorp/aws\"]",
      "instances": [
        {
          "schema_version": 2,
          "attributes": {
            "alias": [],
            "allow_overwrite": null,
            "cidr_routing_policy": [],
            "failover_routing_policy": [],
            "fqdn": "ht7havuqch62efstjmtk35njfwe6zsnj._domainkey.crmbonus.com",
            "geolocation_routing_policy": [],
            "geoproximity_routing_policy": [],
            "health_check_id": "",
            "id": "Z38URESGZT00QQ_ht7havuqch62efstjmtk35njfwe6zsnj._domainkey.crmbonus.com_CNAME",
            "latency_routing_policy": [],
            "multivalue_answer_routing_policy": false,
            "name": "ht7havuqch62efstjmtk35njfwe6zsnj._domainkey.crmbonus.com",
            "records": [
              "ht7havuqch62efstjmtk35njfwe6zsnj.dkim.amazonses.com"
            ],
            "set_identifier": "",
            "timeouts": null,
            "ttl": 300,
            "type": "CNAME",
            "weighted_routing_policy": [],
            "zone_id": "Z38URESGZT00QQ"
          },
          "sensitive_attributes": [],
          "identity_schema_version": 0,
          "identity": {
            "account_id": "078263428883",
            "name": "ht7havuqch62efstjmtk35njfwe6zsnj._domainkey.crmbonus.com",
            "set_identifier": null,
            "type": "CNAME",
            "zone_id": "Z38URESGZT00QQ"
          },
          "private": "eyJlMmJmYjczMC1lY2FhLTExZTYtOGY4OC0zNDM2M2JjN2M0YzAiOnsiY3JlYXRlIjoxODAwMDAwMDAwMDAwLCJkZWxldGUiOjE4MDAwMDAwMDAwMDAsInVwZGF0ZSI6MTgwMDAwMDAwMDAwMH0sInNjaGVtYV92ZXJzaW9uIjoiMiJ9",
          "dependencies": [
            "aws_ses_domain_dkim.domain_dkim"
          ]
        }
      ]
    },
    {
      "mode": "managed",
      "type": "aws_ses_domain_dkim",
      "name": "domain_dkim",
      "provider": "provider[\"registry.terraform.io/hashicorp/aws\"]",
      "instances": [
        {
          "schema_version": 0,
          "attributes": {
            "dkim_tokens": [
              "vfgz6uiflxnqo67llvakqhn5p453gmvg",
              "gm2n5m4n7kziukn7gacwqelwodirprof",
              "ht7havuqch62efstjmtk35njfwe6zsnj"
            ],
            "domain": "crmbonus.com",
            "id": "crmbonus.com",
            "region": "us-east-1"
          },
          "sensitive_attributes": [],
          "identity_schema_version": 0,
          "private": "bnVsbA=="
        }
      ]
    },
    {
      "mode": "managed",
      "type": "aws_ses_domain_identity",
      "name": "domain_identity",
      "provider": "provider[\"registry.terraform.io/hashicorp/aws\"]",
      "instances": [
        {
          "schema_version": 0,
          "attributes": {
            "arn": "arn:aws:ses:us-east-1:078263428883:identity/crmbonus.com",
            "domain": "crmbonus.com",
            "id": "crmbonus.com",
            "region": "us-east-1",
            "verification_token": "16cgjZJqBctqYsu6DVbIo1PeazAEI5sSuLACWjaNXiU="
          },
          "sensitive_attributes": [],
          "identity_schema_version": 0,
          "private": "bnVsbA=="
        }
      ]
    },
    {
      "mode": "managed",
      "type": "aws_ses_email_identity",
      "name": "email_identity",
      "provider": "provider[\"registry.terraform.io/hashicorp/aws\"]",
      "instances": [
        {
          "schema_version": 0,
          "attributes": {
            "arn": "arn:aws:ses:us-east-1:078263428883:identity/ses@crmbonus.com",
            "email": "ses@crmbonus.com",
            "id": "ses@crmbonus.com",
            "region": "us-east-1"
          },
          "sensitive_attributes": [],
          "identity_schema_version": 0,
          "private": "bnVsbA=="
        }
      ]
    }
  ],
  "check_results": null
}
